
Microsoft Visual Studio Solution File, Format Version 11.00
# Visual Studio 2010
Project("{FAE04EC0-301F-11D3-BF4B-00C04F79EFBC}") = "NextFlicksMVC4", "NextFlicksMVC4\NextFlicksMVC4.csproj", "{44FF16BA-81D2-4EF9-B90C-46EE9F9F7A48}"
EndProject
Project("{2150E333-8FDC-42A3-9474-1A3956D46DE8}") = "Solution Items", "Solution Items", "{96CF0FCA-A8A4-4802-9638-5B07FC0F2EF5}"
	ProjectSection(SolutionItems) = preProject
		Local.testsettings = Local.testsettings
		NextFlicksMVC4.vsmdi = NextFlicksMVC4.vsmdi
		TraceAndTestImpact.testsettings = TraceAndTestImpact.testsettings
	EndProjectSection
EndProject
Global
	GlobalSection(TestCaseManagementSettings) = postSolution
		CategoryFile = NextFlicksMVC4.vsmdi
	EndGlobalSection
	GlobalSection(SolutionConfigurationPlatforms) = preSolution
		Debug|Any CPU = Debug|Any CPU
		Release|Any CPU = Release|Any CPU
	EndGlobalSection
	GlobalSection(ProjectConfigurationPlatforms) = postSolution
		{44FF16BA-81D2-4EF9-B90C-46EE9F9F7A48}.Debug|Any CPU.ActiveCfg = Debug|Any CPU
		{44FF16BA-81D2-4EF9-B90C-46EE9F9F7A48}.Debug|Any CPU.Build.0 = Debug|Any CPU
		{44FF16BA-81D2-4EF9-B90C-46EE9F9F7A48}.Release|Any CPU.ActiveCfg = Release|Any CPU
		{44FF16BA-81D2-4EF9-B90C-46EE9F9F7A48}.Release|Any CPU.Build.0 = Release|Any CPU
	EndGlobalSection
	GlobalSection(SolutionProperties) = preSolution
		HideSolutionNode = FALSE
	EndGlobalSection
EndGlobal
